
Microsoft Visual Studio Solution File, Format Version 12.00
# Visual Studio Version 17
VisualStudioVersion = 17.6.33815.320
MinimumVisualStudioVersion = 10.0.40219.1
Project("{FAE04EC0-301F-11D3-BF4B-00C04F79EFBC}") = "LINQ Demo", "LINQ Demo\LINQ Demo.csproj", "{20243AB6-D7E7-4CBE-B1FA-A81D80DE203A}"
EndProject
Global
	GlobalSection(SolutionConfigurationPlatforms) = preSolution
		Debug|Any CPU = Debug|Any CPU
		Release|Any CPU = Release|Any CPU
	EndGlobalSection
	GlobalSection(ProjectConfigurationPlatforms) = postSolution
		{20243AB6-D7E7-4CBE-B1FA-A81D80DE203A}.Debug|Any CPU.ActiveCfg = Debug|Any CPU
		{20243AB6-D7E7-4CBE-B1FA-A81D80DE203A}.Debug|Any CPU.Build.0 = Debug|Any CPU
		{20243AB6-D7E7-4CBE-B1FA-A81D80DE203A}.Release|Any CPU.ActiveCfg = Release|Any CPU
		{20243AB6-D7E7-4CBE-B1FA-A81D80DE203A}.Release|Any CPU.Build.0 = Release|Any CPU
	EndGlobalSection
	GlobalSection(SolutionProperties) = preSolution
		HideSolutionNode = FALSE
	EndGlobalSection
	GlobalSection(ExtensibilityGlobals) = postSolution
		SolutionGuid = {B4A23216-5E72-4B62-B96C-793AC9E903A5}
	EndGlobalSection
EndGlobal
